
Microsoft Visual Studio Solution File, Format Version 12.00
# Visual Studio 15
VisualStudioVersion = 15.0.28010.2036
MinimumVisualStudioVersion = 10.0.40219.1
Project("{FAE04EC0-301F-11D3-BF4B-00C04F79EFBC}") = "ProductionControl", "ProductionControl\ProductionControl.csproj", "{5AA15F06-1B73-4C2D-B8F5-A0EB0560770C}"
EndProject
Global
	GlobalSection(SolutionConfigurationPlatforms) = preSolution
		Debug|Any CPU = Debug|Any CPU
		Release|Any CPU = Release|Any CPU
	EndGlobalSection
	GlobalSection(ProjectConfigurationPlatforms) = postSolution
		{5AA15F06-1B73-4C2D-B8F5-A0EB0560770C}.Debug|Any CPU.ActiveCfg = Debug|Any CPU
		{5AA15F06-1B73-4C2D-B8F5-A0EB0560770C}.Debug|Any CPU.Build.0 = Debug|Any CPU
		{5AA15F06-1B73-4C2D-B8F5-A0EB0560770C}.Release|Any CPU.ActiveCfg = Release|Any CPU
		{5AA15F06-1B73-4C2D-B8F5-A0EB0560770C}.Release|Any CPU.Build.0 = Release|Any CPU
	EndGlobalSection
	GlobalSection(SolutionProperties) = preSolution
		HideSolutionNode = FALSE
	EndGlobalSection
	GlobalSection(ExtensibilityGlobals) = postSolution
		SolutionGuid = {8CD271B8-1101-49AD-ABFE-3D8EA72D94C6}
	EndGlobalSection
EndGlobal
